// !$*UTF8*$!
{
	archiveVersion = 1;
	classes = {
	};
	objectVersion = 46;
	objects = {

/* Begin PBXBuildFile section */
		CD9695061E54C25B0078A86D /* AppDelegate.swift in Sources */ = {isa = PBXBuildFile; fileRef = CD9695051E54C25B0078A86D /* AppDelegate.swift */; };
		CD9695081E54C25B0078A86D /* ViewController.swift in Sources */ = {isa = PBXBuildFile; fileRef = CD9695071E54C25B0078A86D /* ViewController.swift */; };
		CD96950B1E54C25B0078A86D /* Main.storyboard in Resources */ = {isa = PBXBuildFile; fileRef = CD9695091E54C25B0078A86D /* Main.storyboard */; };
		CD96950D1E54C25B0078A86D /* Assets.xcassets in Resources */ = {isa = PBXBuildFile; fileRef = CD96950C1E54C25B0078A86D /* Assets.xcassets */; };
		CD9695101E54C25B0078A86D /* LaunchScreen.storyboard in Resources */ = {isa = PBXBuildFile; fileRef = CD96950E1E54C25B0078A86D /* LaunchScreen.storyboard */; };
/* End PBXBuildFile section */

/* Begin PBXFileReference section */
		CD9695021E54C25B0078A86D /* HapticFeedback.app */ = {isa = PBXFileReference; explicitFileType = wrapper.application; includeInIndex = 0; path = HapticFeedback.app; sourceTree = BUILT_PRODUCTS_DIR; };
		CD9695051E54C25B0078A86D /* AppDelegate.swift */ = {isa = PBXFileReference; lastKnownFileType = sourcecode.swift; path = AppDelegate.swift; sourceTree = "<group>"; };
		CD9695071E54C25B0078A86D /* ViewController.swift */ = {isa = PBXFileReference; lastKnownFileType = sourcecode.swift; path = ViewController.swift; sourceTree = "<group>"; };
		CD96950A1E54C25B0078A86D /* Base */ = {isa = PBXFileReference; lastKnownFileType = file.storyboard; name = Base; path = Base.lproj/Main.storyboard; sourceTree = "<group>"; };
		CD96950C1E54C25B0078A86D /* Assets.xcassets */ = {isa = PBXFileReference; lastKnownFileType = folder.assetcatalog; path = Assets.xcassets; sourceTree = "<group>"; };
		CD96950F1E54C25B0078A86D /* Base */ = {isa = PBXFileReference; lastKnownFileType = file.storyboard; name = Base; path = Base.lproj/LaunchScreen.storyboard; sourceTree = "<group>"; };
		CD9695111E54C25B0078A86D /* Info.plist */ = {isa = PBXFileReference; lastKnownFileType = text.plist.xml; path = Info.plist; sourceTree = "<group>"; };
/* End PBXFileReference section */

/* Begin PBXFrameworksBuildPhase section */
		CD9694FF1E54C25B0078A86D /* Frameworks */ = {
			isa = PBXFrameworksBuildPhase;
			buildActionMask = 2147483647;
			files = (
			);
			runOnlyForDeploymentPostprocessing = 0;
		};
/* End PBXFrameworksBuildPhase section */

/* Begin PBXGroup section */
		CD9694F91E54C25B0078A86D = {
			isa = PBXGroup;
			children = (
				CD9695041E54C25B0078A86D /* HapticFeedback */,
				CD9695031E54C25B0078A86D /* Products */,
			);
			sourceTree = "<group>";
		};
		CD9695031E54C25B0078A86D /* Products */ = {
			isa = PBXGroup;
			children = (
				CD9695021E54C25B0078A86D /* HapticFeedback.app */,
			);
			name = Products;
			sourceTree = "<group>";
		};
		CD9695041E54C25B0078A86D /* HapticFeedback */ = {
			isa = PBXGroup;
			children = (
				CD9695051E54C25B0078A86D /* AppDelegate.swift */,
				CD9695071E54C25B0078A86D /* ViewController.swift */,
				CD9695091E54C25B0078A86D /* Main.storyboard */,
				CD96950C1E54C25B0078A86D /* Assets.xcassets */,
				CD96950E1E54C25B0078A86D /* LaunchScreen.storyboard */,
				CD9695111E54C25B0078A86D /* Info.plist */,
			);
			path = HapticFeedback;
			sourceTree = "<group>";
		};
/* End PBXGroup section */

/* Begin PBXNativeTarget section */
		CD9695011E54C25B0078A86D /* HapticFeedback */ = {
			isa = PBXNativeTarget;
			buildConfigurationList = CD9695141E54C25B0078A86D /* Build configuration list for PBXNativeTarget "HapticFeedback" */;
			buildPhases = (
				CD9694FE1E54C25B0078A86D /* Sources */,
				CD9694FF1E54C25B0078A86D /* Frameworks */,
				CD9695001E54C25B0078A86D /* Resources */,
			);
			buildRules = (
			);
			dependencies = (
			);
			name = HapticFeedback;
			productName = HapticFeedback;
			productReference = CD9695021E54C25B0078A86D /* HapticFeedback.app */;
			productType = "com.apple.product-type.application";
		};
/* End PBXNativeTarget section */

/* Begin PBXProject section */
		CD9694FA1E54C25B0078A86D /* Project object */ = {
			isa = PBXProject;
			attributes = {
				LastSwiftUpdateCheck = 0820;
				LastUpgradeCheck = 0820;
				ORGANIZATIONNAME = "Enrique Ugalde";
				TargetAttributes = {
					CD9695011E54C25B0078A86D = {
						CreatedOnToolsVersion = 8.2.1;
						DevelopmentTeam = CMMZNY8Y98;
						ProvisioningStyle = Automatic;
					};
				};
			};
			buildConfigurationList = CD9694FD1E54C25B0078A86D /* Build configuration list for PBXProject "HapticFeedback" */;
			compatibilityVersion = "Xcode 3.2";
			developmentRegion = English;
			hasScannedForEncodings = 0;
			knownRegions = (
				en,
				Base,
			);
			mainGroup = CD9694F91E54C25B0078A86D;
			productRefGroup = CD9695031E54C25B0078A86D /* Products */;
			projectDirPath = "";
			projectRoot = "";
			targets = (
				CD9695011E54C25B0078A86D /* HapticFeedback */,
			);
		};
/* End PBXProject section */

/* Begin PBXResourcesBuildPhase section */
		CD9695001E54C25B0078A86D /* Resources */ = {
			isa = PBXResourcesBuildPhase;
			buildActionMask = 2147483647;
			files = (
				CD9695101E54C25B0078A86D /* LaunchScreen.storyboard in Resources */,
				CD96950D1E54C25B0078A86D /* Assets.xcassets in Resources */,
				CD96950B1E54C25B0078A86D /* Main.storyboard in Resources */,
			);
			runOnlyForDeploymentPostprocessing = 0;
		};
/* End PBXResourcesBuildPhase section */

/* Begin PBXSourcesBuildPhase section */
		CD9694FE1E54C25B0078A86D /* Sources */ = {
			isa = PBXSourcesBuildPhase;
			buildActionMask = 2147483647;
			files = (
				CD9695081E54C25B0078A86D /* ViewController.swift in Sources */,
				CD9695061E54C25B0078A86D /* AppDelegate.swift in Sources */,
			);
			runOnlyForDeploymentPostprocessing = 0;
		};
/* End PBXSourcesBuildPhase section */

/* Begin PBXVariantGroup section */
		CD9695091E54C25B0078A86D /* Main.storyboard */ = {
			isa = PBXVariantGroup;
			children = (
				CD96950A1E54C25B0078A86D /* Base */,
			);
			name = Main.storyboard;
			sourceTree = "<group>";
		};
		CD96950E1E54C25B0078A86D /* LaunchScreen.storyboard */ = {
			isa = PBXVariantGroup;
			children = (
				CD96950F1E54C25B0078A86D /* Base */,
			);
			name = LaunchScreen.storyboard;
			sourceTree = "<group>";
		};
/* End PBXVariantGroup section */

/* Begin XCBuildConfiguration section */
		CD9695121E54C25B0078A86D /* Debug */ = {
			isa = XCBuildConfiguration;
			buildSettings = {
				ALWAYS_SEARCH_USER_PATHS = NO;
				CLANG_ANALYZER_NONNULL = YES;
				CLANG_CXX_LANGUAGE_STANDARD = "gnu++0x";
				CLANG_CXX_LIBRARY = "libc++";
				CLANG_ENABLE_MODULES = YES;
				CLANG_ENABLE_OBJC_ARC = YES;
				CLANG_WARN_BOOL_CONVERSION = YES;
				CLANG_WARN_CONSTANT_CONVERSION = YES;
				CLANG_WARN_DIRECT_OBJC_ISA_USAGE = YES_ERROR;
				CLANG_WARN_DOCUMENTATION_COMMENTS = YES;
				CLANG_WARN_EMPTY_BODY = YES;
				CLANG_WARN_ENUM_CONVERSION = YES;
				CLANG_WARN_INFINITE_RECURSION = YES;
				CLANG_WARN_INT_CONVERSION = YES;
				CLANG_WARN_OBJC_ROOT_CLASS = YES_ERROR;
				CLANG_WARN_SUSPICIOUS_MOVE = YES;
				CLANG_WARN_UNREACHABLE_CODE = YES;
				CLANG_WARN__DUPLICATE_METHOD_MATCH = YES;
				"CODE_SIGN_IDENTITY[sdk=iphoneos*]" = "iPhone Developer";
				COPY_PHASE_STRIP = NO;
				DEBUG_INFORMATION_FORMAT = dwarf;
				ENABLE_STRICT_OBJC_MSGSEND = YES;
				ENABLE_TESTABILITY = YES;
				GCC_C_LANGUAGE_STANDARD = gnu99;
				GCC_DYNAMIC_NO_PIC = NO;
				GCC_NO_COMMON_BLOCKS = YES;
				GCC_OPTIMIZATION_LEVEL = 0;
				GCC_PREPROCESSOR_DEFINITIONS = (
					"DEBUG=1",
					"$(inherited)",
				);
				GCC_WARN_64_TO_32_BIT_CONVERSION = YES;
				GCC_WARN_ABOUT_RETURN_TYPE = YES_ERROR;
				GCC_WARN_UNDECLARED_SELECTOR = YES;
				GCC_WARN_UNINITIALIZED_AUTOS = YES_AGGRESSIVE;
				GCC_WARN_UNUSED_FUNCTION = YES;
				GCC_WARN_UNUSED_VARIABLE = YES;
				IPHONEOS_DEPLOYMENT_TARGET = 10.2;
				MTL_ENABLE_DEBUG_INFO = YES;
				ONLY_ACTIVE_ARCH = YES;
				SDKROOT = iphoneos;
				SWIFT_ACTIVE_COMPILATION_CONDITIONS = DEBUG;
				SWIFT_OPTIMIZATION_LEVEL = "-Onone";
			};
			name = Debug;
		};
		CD9695131E54C25B0078A86D /* Release */ = {
			isa = XCBuildConfiguration;
			buildSettings = {
				ALWAYS_SEARCH_USER_PATHS = NO;
				CLANG_ANALYZER_NONNULL = YES;
				CLANG_CXX_LANGUAGE_STANDARD = "gnu++0x";
				CLANG_CXX_LIBRARY = "libc++";
				CLANG_ENABLE_MODULES = YES;
				CLANG_ENABLE_OBJC_ARC = YES;
				CLANG_WARN_BOOL_CONVERSION = YES;
				CLANG_WARN_CONSTANT_CONVERSION = YES;
				CLANG_WARN_DIRECT_OBJC_ISA_USAGE = YES_ERROR;
				CLANG_WARN_DOCUMENTATION_COMMENTS = YES;
				CLANG_WARN_EMPTY_BODY = YES;
				CLANG_WARN_ENUM_CONVERSION = YES;
				CLANG_WARN_INFINITE_RECURSION = YES;
				CLANG_WARN_INT_CONVERSION = YES;
				CLANG_WARN_OBJC_ROOT_CLASS = YES_ERROR;
				CLANG_WARN_SUSPICIOUS_MOVE = YES;
				CLANG_WARN_UNREACHABLE_CODE = YES;
				CLANG_WARN__DUPLICATE_METHOD_MATCH = YES;
				"CODE_SIGN_IDENTITY[sdk=iphoneos*]" = "iPhone Developer";
				COPY_PHASE_STRIP = NO;
				DEBUG_INFORMATION_FORMAT = "dwarf-with-dsym";
				ENABLE_NS_ASSERTIONS = NO;
				ENABLE_STRICT_OBJC_MSGSEND = YES;
				GCC_C_LANGUAGE_STANDARD = gnu99;
				GCC_NO_COMMON_BLOCKS = YES;
				GCC_WARN_64_TO_32_BIT_CONVERSION = YES;
				GCC_WARN_ABOUT_RETURN_TYPE = YES_ERROR;
				GCC_WARN_UNDECLARED_SELECTOR = YES;
				GCC_WARN_UNINITIALIZED_AUTOS = YES_AGGRESSIVE;
				GCC_WARN_UNUSED_FUNCTION = YES;
				GCC_WARN_UNUSED_VARIABLE = YES;
				IPHONEOS_DEPLOYMENT_TARGET = 10.2;
				MTL_ENABLE_DEBUG_INFO = NO;
				SDKROOT = iphoneos;
				SWIFT_OPTIMIZATION_LEVEL = "-Owholemodule";
				VALIDATE_PRODUCT = YES;
			};
			name = Release;
		};
		CD9695151E54C25B0078A86D /* Debug */ = {
			isa = XCBuildConfiguration;
			buildSettings = {
				ASSETCATALOG_COMPILER_APPICON_NAME = AppIcon;
				DEVELOPMENT_TEAM = CMMZNY8Y98;
				INFOPLIST_FILE = HapticFeedback/Info.plist;
				LD_RUNPATH_SEARCH_PATHS = "$(inherited) @executable_path/Frameworks";
				PRODUCT_BUNDLE_IDENTIFIER = com.eugalde.HapticFeedback;
				PRODUCT_NAME = "$(TARGET_NAME)";
				SWIFT_VERSION = 3.0;
			};
			name = Debug;
		};
		CD9695161E54C25B0078A86D /* Release */ = {
			isa = XCBuildConfiguration;
			buildSettings = {
				ASSETCATALOG_COMPILER_APPICON_NAME = AppIcon;
				DEVELOPMENT_TEAM = CMMZNY8Y98;
				INFOPLIST_FILE = HapticFeedback/Info.plist;
				LD_RUNPATH_SEARCH_PATHS = "$(inherited) @executable_path/Frameworks";
				PRODUCT_BUNDLE_IDENTIFIER = com.eugalde.HapticFeedback;
				PRODUCT_NAME = "$(TARGET_NAME)";
				SWIFT_VERSION = 3.0;
			};
			name = Release;
		};
/* End XCBuildConfiguration section */

/* Begin XCConfigurationList section */
		CD9694FD1E54C25B0078A86D /* Build configuration list for PBXProject "HapticFeedback" */ = {
			isa = XCConfigurationList;
			buildConfigurations = (
				CD9695121E54C25B0078A86D /* Debug */,
				CD9695131E54C25B0078A86D /* Release */,
			);
			defaultConfigurationIsVisible = 0;
			defaultConfigurationName = Release;
		};
		CD9695141E54C25B0078A86D /* Build configuration list for PBXNativeTarget "HapticFeedback" */ = {
			isa = XCConfigurationList;
			buildConfigurations = (
				CD9695151E54C25B0078A86D /* Debug */,
				CD9695161E54C25B0078A86D /* Release */,
			);
			defaultConfigurationIsVisible = 0;
		};
/* End XCConfigurationList section */
	};
	rootObject = CD9694FA1E54C25B0078A86D /* Project object */;
}
